// !$*UTF8*$!
{
	archiveVersion = 1;
	classes = {
	};
	objectVersion = 48;
	objects = {

/* Begin PBXBuildFile section */
		6E332E3A2141C02D00785178 /* AppDelegate.m in Sources */ = {isa = PBXBuildFile; fileRef = 6E332E392141C02D00785178 /* AppDelegate.m */; };
		6E332E3D2141C02D00785178 /* ViewController.m in Sources */ = {isa = PBXBuildFile; fileRef = 6E332E3C2141C02D00785178 /* ViewController.m */; };
		6E332E422141C02D00785178 /* Assets.xcassets in Resources */ = {isa = PBXBuildFile; fileRef = 6E332E412141C02D00785178 /* Assets.xcassets */; };
		6E332E452141C02D00785178 /* LaunchScreen.storyboard in Resources */ = {isa = PBXBuildFile; fileRef = 6E332E432141C02D00785178 /* LaunchScreen.storyboard */; };
		6E332E482141C02D00785178 /* main.m in Sources */ = {isa = PBXBuildFile; fileRef = 6E332E472141C02D00785178 /* main.m */; };
		6E332E542141C2F100785178 /* FCTVKDispatcher.m in Sources */ = {isa = PBXBuildFile; fileRef = 6E332E532141C2F100785178 /* FCTVKDispatcher.m */; };
		6E8EB5182142F6D3007DB203 /* FCTFeedService.m in Sources */ = {isa = PBXBuildFile; fileRef = 6E8EB5172142F6D3007DB203 /* FCTFeedService.m */; };
		6E8EB51B21430696007DB203 /* FCTFeedable.m in Sources */ = {isa = PBXBuildFile; fileRef = 6E8EB51A21430696007DB203 /* FCTFeedable.m */; };
		6E8EB51E214306AE007DB203 /* FCTVkFeed.m in Sources */ = {isa = PBXBuildFile; fileRef = 6E8EB51D214306AE007DB203 /* FCTVkFeed.m */; };
		6E8EB521214306B9007DB203 /* FCTAdFeed.m in Sources */ = {isa = PBXBuildFile; fileRef = 6E8EB520214306B9007DB203 /* FCTAdFeed.m */; };
		6E8EB5242143191E007DB203 /* FCTFeedableLinkedList.m in Sources */ = {isa = PBXBuildFile; fileRef = 6E8EB5232143191E007DB203 /* FCTFeedableLinkedList.m */; };
		6E8EB52921432C1D007DB203 /* VKPhoto+BestPhoto.m in Sources */ = {isa = PBXBuildFile; fileRef = 6E8EB52821432C1D007DB203 /* VKPhoto+BestPhoto.m */; };
		9D72B0D4FE3AABF9BD6C2DA9 /* libPods-FunCorpAnatolyTestProject.a in Frameworks */ = {isa = PBXBuildFile; fileRef = 48BAEDFED032C5F12AE7B18D /* libPods-FunCorpAnatolyTestProject.a */; };
		D8E5112C214288E4004D4B3C /* FCTNavigationController.m in Sources */ = {isa = PBXBuildFile; fileRef = D8E5112B214288E4004D4B3C /* FCTNavigationController.m */; };
		D8E51131214289B8004D4B3C /* FCTAuthViewController.m in Sources */ = {isa = PBXBuildFile; fileRef = D8E51130214289B8004D4B3C /* FCTAuthViewController.m */; };
		D8E51135214289EA004D4B3C /* FCTAuthRootView.m in Sources */ = {isa = PBXBuildFile; fileRef = D8E51134214289EA004D4B3C /* FCTAuthRootView.m */; };
		D8E5113F2142AAB0004D4B3C /* Localizable.strings in Resources */ = {isa = PBXBuildFile; fileRef = D8E511412142AAB0004D4B3C /* Localizable.strings */; };
		D8E511462142ACC7004D4B3C /* FCTAuthenticationModel.m in Sources */ = {isa = PBXBuildFile; fileRef = D8E511452142ACC7004D4B3C /* FCTAuthenticationModel.m */; };
		D8E5114B2142C2DE004D4B3C /* FCTPhotosFeedPageViewController.m in Sources */ = {isa = PBXBuildFile; fileRef = D8E5114A2142C2DE004D4B3C /* FCTPhotosFeedPageViewController.m */; };
		D8E511502142C379004D4B3C /* FCTPhotosFeedItemRootView.m in Sources */ = {isa = PBXBuildFile; fileRef = D8E5114F2142C379004D4B3C /* FCTPhotosFeedItemRootView.m */; };
		D8E5115C2142CE50004D4B3C /* FCTPhotosFeedPresenterModel.m in Sources */ = {isa = PBXBuildFile; fileRef = D8E5115B2142CE50004D4B3C /* FCTPhotosFeedPresenterModel.m */; };
		D8E5115F2142CF5D004D4B3C /* FCTPhotosFeedItemViewController.m in Sources */ = {isa = PBXBuildFile; fileRef = D8E5115E2142CF5D004D4B3C /* FCTPhotosFeedItemViewController.m */; };
/* End PBXBuildFile section */

/* Begin PBXFileReference section */
		48BAEDFED032C5F12AE7B18D /* libPods-FunCorpAnatolyTestProject.a */ = {isa = PBXFileReference; explicitFileType = archive.ar; includeInIndex = 0; path = "libPods-FunCorpAnatolyTestProject.a"; sourceTree = BUILT_PRODUCTS_DIR; };
		6E332E352141C02D00785178 /* FunCorpAnatolyTestProject.app */ = {isa = PBXFileReference; explicitFileType = wrapper.application; includeInIndex = 0; path = FunCorpAnatolyTestProject.app; sourceTree = BUILT_PRODUCTS_DIR; };
		6E332E382141C02D00785178 /* AppDelegate.h */ = {isa = PBXFileReference; lastKnownFileType = sourcecode.c.h; path = AppDelegate.h; sourceTree = "<group>"; };
		6E332E392141C02D00785178 /* AppDelegate.m */ = {isa = PBXFileReference; lastKnownFileType = sourcecode.c.objc; path = AppDelegate.m; sourceTree = "<group>"; };
		6E332E3B2141C02D00785178 /* ViewController.h */ = {isa = PBXFileReference; lastKnownFileType = sourcecode.c.h; path = ViewController.h; sourceTree = "<group>"; };
		6E332E3C2141C02D00785178 /* ViewController.m */ = {isa = PBXFileReference; lastKnownFileType = sourcecode.c.objc; path = ViewController.m; sourceTree = "<group>"; };
		6E332E412141C02D00785178 /* Assets.xcassets */ = {isa = PBXFileReference; lastKnownFileType = folder.assetcatalog; path = Assets.xcassets; sourceTree = "<group>"; };
		6E332E442141C02D00785178 /* Base */ = {isa = PBXFileReference; lastKnownFileType = file.storyboard; name = Base; path = Base.lproj/LaunchScreen.storyboard; sourceTree = "<group>"; };
		6E332E462141C02D00785178 /* Info.plist */ = {isa = PBXFileReference; lastKnownFileType = text.plist.xml; path = Info.plist; sourceTree = "<group>"; };
		6E332E472141C02D00785178 /* main.m */ = {isa = PBXFileReference; lastKnownFileType = sourcecode.c.objc; path = main.m; sourceTree = "<group>"; };
		6E332E522141C2F100785178 /* FCTVKDispatcher.h */ = {isa = PBXFileReference; lastKnownFileType = sourcecode.c.h; path = FCTVKDispatcher.h; sourceTree = "<group>"; };
		6E332E532141C2F100785178 /* FCTVKDispatcher.m */ = {isa = PBXFileReference; lastKnownFileType = sourcecode.c.objc; path = FCTVKDispatcher.m; sourceTree = "<group>"; };
		6E332E552141C51C00785178 /* AppKeys.h */ = {isa = PBXFileReference; lastKnownFileType = sourcecode.c.h; path = AppKeys.h; sourceTree = "<group>"; };
		6E332E562141C5C200785178 /* FunCorpAnatolyTestProject-Prefix.pch */ = {isa = PBXFileReference; lastKnownFileType = sourcecode.c.h; path = "FunCorpAnatolyTestProject-Prefix.pch"; sourceTree = "<group>"; };
		6E332E572141E00700785178 /* WeakStrongMacro.h */ = {isa = PBXFileReference; lastKnownFileType = sourcecode.c.h; path = WeakStrongMacro.h; sourceTree = "<group>"; };
		6E8EB5162142F6D3007DB203 /* FCTFeedService.h */ = {isa = PBXFileReference; lastKnownFileType = sourcecode.c.h; path = FCTFeedService.h; sourceTree = "<group>"; };
		6E8EB5172142F6D3007DB203 /* FCTFeedService.m */ = {isa = PBXFileReference; lastKnownFileType = sourcecode.c.objc; path = FCTFeedService.m; sourceTree = "<group>"; };
		6E8EB51921430696007DB203 /* FCTFeedable.h */ = {isa = PBXFileReference; lastKnownFileType = sourcecode.c.h; path = FCTFeedable.h; sourceTree = "<group>"; };
		6E8EB51A21430696007DB203 /* FCTFeedable.m */ = {isa = PBXFileReference; lastKnownFileType = sourcecode.c.objc; path = FCTFeedable.m; sourceTree = "<group>"; };
		6E8EB51C214306AE007DB203 /* FCTVkFeed.h */ = {isa = PBXFileReference; lastKnownFileType = sourcecode.c.h; path = FCTVkFeed.h; sourceTree = "<group>"; };
		6E8EB51D214306AE007DB203 /* FCTVkFeed.m */ = {isa = PBXFileReference; lastKnownFileType = sourcecode.c.objc; path = FCTVkFeed.m; sourceTree = "<group>"; };
		6E8EB51F214306B9007DB203 /* FCTAdFeed.h */ = {isa = PBXFileReference; lastKnownFileType = sourcecode.c.h; path = FCTAdFeed.h; sourceTree = "<group>"; };
		6E8EB520214306B9007DB203 /* FCTAdFeed.m */ = {isa = PBXFileReference; lastKnownFileType = sourcecode.c.objc; path = FCTAdFeed.m; sourceTree = "<group>"; };
		6E8EB5222143191E007DB203 /* FCTFeedableLinkedList.h */ = {isa = PBXFileReference; lastKnownFileType = sourcecode.c.h; path = FCTFeedableLinkedList.h; sourceTree = "<group>"; };
		6E8EB5232143191E007DB203 /* FCTFeedableLinkedList.m */ = {isa = PBXFileReference; lastKnownFileType = sourcecode.c.objc; path = FCTFeedableLinkedList.m; sourceTree = "<group>"; };
		6E8EB52721432C1D007DB203 /* VKPhoto+BestPhoto.h */ = {isa = PBXFileReference; lastKnownFileType = sourcecode.c.h; path = "VKPhoto+BestPhoto.h"; sourceTree = "<group>"; };
		6E8EB52821432C1D007DB203 /* VKPhoto+BestPhoto.m */ = {isa = PBXFileReference; lastKnownFileType = sourcecode.c.objc; path = "VKPhoto+BestPhoto.m"; sourceTree = "<group>"; };
		C48B71149F9DE4B784BAD4C2 /* Pods-FunCorpAnatolyTestProject.release.xcconfig */ = {isa = PBXFileReference; includeInIndex = 1; lastKnownFileType = text.xcconfig; name = "Pods-FunCorpAnatolyTestProject.release.xcconfig"; path = "Pods/Target Support Files/Pods-FunCorpAnatolyTestProject/Pods-FunCorpAnatolyTestProject.release.xcconfig"; sourceTree = "<group>"; };
		D54345C2D3D70D44E58D8F56 /* Pods-FunCorpAnatolyTestProject.debug.xcconfig */ = {isa = PBXFileReference; includeInIndex = 1; lastKnownFileType = text.xcconfig; name = "Pods-FunCorpAnatolyTestProject.debug.xcconfig"; path = "Pods/Target Support Files/Pods-FunCorpAnatolyTestProject/Pods-FunCorpAnatolyTestProject.debug.xcconfig"; sourceTree = "<group>"; };
		D8E5112A214288E4004D4B3C /* FCTNavigationController.h */ = {isa = PBXFileReference; lastKnownFileType = sourcecode.c.h; path = FCTNavigationController.h; sourceTree = "<group>"; };
		D8E5112B214288E4004D4B3C /* FCTNavigationController.m */ = {isa = PBXFileReference; lastKnownFileType = sourcecode.c.objc; path = FCTNavigationController.m; sourceTree = "<group>"; };
		D8E5112F214289B8004D4B3C /* FCTAuthViewController.h */ = {isa = PBXFileReference; lastKnownFileType = sourcecode.c.h; path = FCTAuthViewController.h; sourceTree = "<group>"; };
		D8E51130214289B8004D4B3C /* FCTAuthViewController.m */ = {isa = PBXFileReference; lastKnownFileType = sourcecode.c.objc; path = FCTAuthViewController.m; sourceTree = "<group>"; };
		D8E51133214289EA004D4B3C /* FCTAuthRootView.h */ = {isa = PBXFileReference; lastKnownFileType = sourcecode.c.h; path = FCTAuthRootView.h; sourceTree = "<group>"; };
		D8E51134214289EA004D4B3C /* FCTAuthRootView.m */ = {isa = PBXFileReference; lastKnownFileType = sourcecode.c.objc; path = FCTAuthRootView.m; sourceTree = "<group>"; };
		D8E511372142A69E004D4B3C /* ConstantColors.h */ = {isa = PBXFileReference; lastKnownFileType = sourcecode.c.h; path = ConstantColors.h; sourceTree = "<group>"; };
		D8E5113E2142AA8C004D4B3C /* ru-RU */ = {isa = PBXFileReference; lastKnownFileType = text.plist.strings; name = "ru-RU"; path = "ru-RU.lproj/LaunchScreen.strings"; sourceTree = "<group>"; };
		D8E511402142AAB0004D4B3C /* en */ = {isa = PBXFileReference; lastKnownFileType = text.plist.strings; name = en; path = en.lproj/Localizable.strings; sourceTree = "<group>"; };
		D8E511422142AACB004D4B3C /* ru-RU */ = {isa = PBXFileReference; lastKnownFileType = text.plist.strings; name = "ru-RU"; path = "ru-RU.lproj/Localizable.strings"; sourceTree = "<group>"; };
		D8E511442142ACC7004D4B3C /* FCTAuthenticationModel.h */ = {isa = PBXFileReference; lastKnownFileType = sourcecode.c.h; path = FCTAuthenticationModel.h; sourceTree = "<group>"; };
		D8E511452142ACC7004D4B3C /* FCTAuthenticationModel.m */ = {isa = PBXFileReference; lastKnownFileType = sourcecode.c.objc; path = FCTAuthenticationModel.m; sourceTree = "<group>"; };
		D8E511472142BE19004D4B3C /* FCTAuthenticationState.h */ = {isa = PBXFileReference; lastKnownFileType = sourcecode.c.h; path = FCTAuthenticationState.h; sourceTree = "<group>"; };
		D8E511492142C2DE004D4B3C /* FCTPhotosFeedPageViewController.h */ = {isa = PBXFileReference; lastKnownFileType = sourcecode.c.h; path = FCTPhotosFeedPageViewController.h; sourceTree = "<group>"; };
		D8E5114A2142C2DE004D4B3C /* FCTPhotosFeedPageViewController.m */ = {isa = PBXFileReference; lastKnownFileType = sourcecode.c.objc; path = FCTPhotosFeedPageViewController.m; sourceTree = "<group>"; };
		D8E5114E2142C379004D4B3C /* FCTPhotosFeedItemRootView.h */ = {isa = PBXFileReference; lastKnownFileType = sourcecode.c.h; path = FCTPhotosFeedItemRootView.h; sourceTree = "<group>"; };
		D8E5114F2142C379004D4B3C /* FCTPhotosFeedItemRootView.m */ = {isa = PBXFileReference; lastKnownFileType = sourcecode.c.objc; path = FCTPhotosFeedItemRootView.m; sourceTree = "<group>"; };
		D8E5115A2142CE50004D4B3C /* FCTPhotosFeedPresenterModel.h */ = {isa = PBXFileReference; lastKnownFileType = sourcecode.c.h; path = FCTPhotosFeedPresenterModel.h; sourceTree = "<group>"; };
		D8E5115B2142CE50004D4B3C /* FCTPhotosFeedPresenterModel.m */ = {isa = PBXFileReference; lastKnownFileType = sourcecode.c.objc; path = FCTPhotosFeedPresenterModel.m; sourceTree = "<group>"; };
		D8E5115D2142CF5D004D4B3C /* FCTPhotosFeedItemViewController.h */ = {isa = PBXFileReference; lastKnownFileType = sourcecode.c.h; path = FCTPhotosFeedItemViewController.h; sourceTree = "<group>"; };
		D8E5115E2142CF5D004D4B3C /* FCTPhotosFeedItemViewController.m */ = {isa = PBXFileReference; lastKnownFileType = sourcecode.c.objc; path = FCTPhotosFeedItemViewController.m; sourceTree = "<group>"; };
/* End PBXFileReference section */

/* Begin PBXFrameworksBuildPhase section */
		6E332E322141C02D00785178 /* Frameworks */ = {
			isa = PBXFrameworksBuildPhase;
			buildActionMask = 2147483647;
			files = (
				9D72B0D4FE3AABF9BD6C2DA9 /* libPods-FunCorpAnatolyTestProject.a in Frameworks */,
			);
			runOnlyForDeploymentPostprocessing = 0;
		};
/* End PBXFrameworksBuildPhase section */

/* Begin PBXGroup section */
		5808DB193EF19F9D6C535D47 /* Pods */ = {
			isa = PBXGroup;
			children = (
				D54345C2D3D70D44E58D8F56 /* Pods-FunCorpAnatolyTestProject.debug.xcconfig */,
				C48B71149F9DE4B784BAD4C2 /* Pods-FunCorpAnatolyTestProject.release.xcconfig */,
			);
			name = Pods;
			sourceTree = "<group>";
		};
		6E332E2C2141C02D00785178 = {
			isa = PBXGroup;
			children = (
				6E332E372141C02D00785178 /* FunCorpAnatolyTestProject */,
				6E332E362141C02D00785178 /* Products */,
				5808DB193EF19F9D6C535D47 /* Pods */,
				888096D03497300D98C95E36 /* Frameworks */,
			);
			sourceTree = "<group>";
		};
		6E332E362141C02D00785178 /* Products */ = {
			isa = PBXGroup;
			children = (
				6E332E352141C02D00785178 /* FunCorpAnatolyTestProject.app */,
			);
			name = Products;
			sourceTree = "<group>";
		};
		6E332E372141C02D00785178 /* FunCorpAnatolyTestProject */ = {
			isa = PBXGroup;
			children = (
				6E8EB52621432BD9007DB203 /* Category */,
				D8E511482142C2A3004D4B3C /* PhotosFeed */,
				D8E511362142A62B004D4B3C /* Constants */,
				D8E5112D21428981004D4B3C /* Authentication */,
				D8E51129214288B4004D4B3C /* Navigation */,
				6E332E512141C25E00785178 /* Social */,
				6E332E382141C02D00785178 /* AppDelegate.h */,
				6E332E392141C02D00785178 /* AppDelegate.m */,
				6E332E3B2141C02D00785178 /* ViewController.h */,
				6E332E3C2141C02D00785178 /* ViewController.m */,
				6E332E432141C02D00785178 /* LaunchScreen.storyboard */,
				6E332E562141C5C200785178 /* FunCorpAnatolyTestProject-Prefix.pch */,
				6E332E462141C02D00785178 /* Info.plist */,
				6E332E572141E00700785178 /* WeakStrongMacro.h */,
				6E332E552141C51C00785178 /* AppKeys.h */,
				6E332E472141C02D00785178 /* main.m */,
				D8E5113A2142A9E6004D4B3C /* Source */,
				6E332E412141C02D00785178 /* Assets.xcassets */,
			);
			path = FunCorpAnatolyTestProject;
			sourceTree = "<group>";
		};
		6E332E512141C25E00785178 /* Social */ = {
			isa = PBXGroup;
			children = (
				6E332E522141C2F100785178 /* FCTVKDispatcher.h */,
				6E332E532141C2F100785178 /* FCTVKDispatcher.m */,
			);
			path = Social;
			sourceTree = "<group>";
		};
		6E8EB52621432BD9007DB203 /* Category */ = {
			isa = PBXGroup;
			children = (
				6E8EB52721432C1D007DB203 /* VKPhoto+BestPhoto.h */,
				6E8EB52821432C1D007DB203 /* VKPhoto+BestPhoto.m */,
			);
			path = Category;
			sourceTree = "<group>";
		};
		888096D03497300D98C95E36 /* Frameworks */ = {
			isa = PBXGroup;
			children = (
				48BAEDFED032C5F12AE7B18D /* libPods-FunCorpAnatolyTestProject.a */,
			);
			name = Frameworks;
			sourceTree = "<group>";
		};
		D8E51129214288B4004D4B3C /* Navigation */ = {
			isa = PBXGroup;
			children = (
				D8E5112A214288E4004D4B3C /* FCTNavigationController.h */,
				D8E5112B214288E4004D4B3C /* FCTNavigationController.m */,
			);
			path = Navigation;
			sourceTree = "<group>";
		};
		D8E5112D21428981004D4B3C /* Authentication */ = {
			isa = PBXGroup;
			children = (
				D8E511432142AC9F004D4B3C /* Models */,
				D8E51132214289D8004D4B3C /* Views */,
				D8E5112E21428994004D4B3C /* Controller */,
			);
			path = Authentication;
			sourceTree = "<group>";
		};
		D8E5112E21428994004D4B3C /* Controller */ = {
			isa = PBXGroup;
			children = (
				D8E5112F214289B8004D4B3C /* FCTAuthViewController.h */,
				D8E51130214289B8004D4B3C /* FCTAuthViewController.m */,
			);
			path = Controller;
			sourceTree = "<group>";
		};
		D8E51132214289D8004D4B3C /* Views */ = {
			isa = PBXGroup;
			children = (
				D8E51133214289EA004D4B3C /* FCTAuthRootView.h */,
				D8E51134214289EA004D4B3C /* FCTAuthRootView.m */,
			);
			path = Views;
			sourceTree = "<group>";
		};
		D8E511362142A62B004D4B3C /* Constants */ = {
			isa = PBXGroup;
			children = (
				D8E511372142A69E004D4B3C /* ConstantColors.h */,
			);
			path = Constants;
			sourceTree = "<group>";
		};
		D8E5113A2142A9E6004D4B3C /* Source */ = {
			isa = PBXGroup;
			children = (
				D8E511412142AAB0004D4B3C /* Localizable.strings */,
			);
			path = Source;
			sourceTree = "<group>";
		};
		D8E511432142AC9F004D4B3C /* Models */ = {
			isa = PBXGroup;
			children = (
				D8E511442142ACC7004D4B3C /* FCTAuthenticationModel.h */,
				D8E511452142ACC7004D4B3C /* FCTAuthenticationModel.m */,
				D8E511472142BE19004D4B3C /* FCTAuthenticationState.h */,
			);
			path = Models;
			sourceTree = "<group>";
		};
		D8E511482142C2A3004D4B3C /* PhotosFeed */ = {
			isa = PBXGroup;
			children = (
				D8E511592142CE25004D4B3C /* Models */,
				D8E5114D2142C35C004D4B3C /* Views */,
				D8E5114C2142C349004D4B3C /* Controller */,
			);
			path = PhotosFeed;
			sourceTree = "<group>";
		};
		D8E5114C2142C349004D4B3C /* Controller */ = {
			isa = PBXGroup;
			children = (
				D8E511492142C2DE004D4B3C /* FCTPhotosFeedPageViewController.h */,
				D8E5114A2142C2DE004D4B3C /* FCTPhotosFeedPageViewController.m */,
				D8E5115D2142CF5D004D4B3C /* FCTPhotosFeedItemViewController.h */,
				D8E5115E2142CF5D004D4B3C /* FCTPhotosFeedItemViewController.m */,
			);
			path = Controller;
			sourceTree = "<group>";
		};
		D8E5114D2142C35C004D4B3C /* Views */ = {
			isa = PBXGroup;
			children = (
				D8E5114E2142C379004D4B3C /* FCTPhotosFeedItemRootView.h */,
				D8E5114F2142C379004D4B3C /* FCTPhotosFeedItemRootView.m */,
			);
			path = Views;
			sourceTree = "<group>";
		};
		D8E511592142CE25004D4B3C /* Models */ = {
			isa = PBXGroup;
			children = (
				D8E5115A2142CE50004D4B3C /* FCTPhotosFeedPresenterModel.h */,
				D8E5115B2142CE50004D4B3C /* FCTPhotosFeedPresenterModel.m */,
				6E8EB5162142F6D3007DB203 /* FCTFeedService.h */,
				6E8EB5172142F6D3007DB203 /* FCTFeedService.m */,
				6E8EB5222143191E007DB203 /* FCTFeedableLinkedList.h */,
				6E8EB5232143191E007DB203 /* FCTFeedableLinkedList.m */,
				6E8EB51921430696007DB203 /* FCTFeedable.h */,
				6E8EB51A21430696007DB203 /* FCTFeedable.m */,
				6E8EB51C214306AE007DB203 /* FCTVkFeed.h */,
				6E8EB51D214306AE007DB203 /* FCTVkFeed.m */,
				6E8EB51F214306B9007DB203 /* FCTAdFeed.h */,
				6E8EB520214306B9007DB203 /* FCTAdFeed.m */,
			);
			path = Models;
			sourceTree = "<group>";
		};
/* End PBXGroup section */

/* Begin PBXNativeTarget section */
		6E332E342141C02D00785178 /* FunCorpAnatolyTestProject */ = {
			isa = PBXNativeTarget;
			buildConfigurationList = 6E332E4B2141C02D00785178 /* Build configuration list for PBXNativeTarget "FunCorpAnatolyTestProject" */;
			buildPhases = (
				3FA53D3A80236B959EB80D70 /* [CP] Check Pods Manifest.lock */,
				6E332E312141C02D00785178 /* Sources */,
				6E332E322141C02D00785178 /* Frameworks */,
				6E332E332141C02D00785178 /* Resources */,
				1C18F7F681BB251A43377AE0 /* [CP] Copy Pods Resources */,
			);
			buildRules = (
			);
			dependencies = (
			);
			name = FunCorpAnatolyTestProject;
			productName = FunCorpAnatolyTestProject;
			productReference = 6E332E352141C02D00785178 /* FunCorpAnatolyTestProject.app */;
			productType = "com.apple.product-type.application";
		};
/* End PBXNativeTarget section */

/* Begin PBXProject section */
		6E332E2D2141C02D00785178 /* Project object */ = {
			isa = PBXProject;
			attributes = {
				LastUpgradeCheck = 0940;
				ORGANIZATIONNAME = steelhaus;
				TargetAttributes = {
					6E332E342141C02D00785178 = {
						CreatedOnToolsVersion = 9.2;
						ProvisioningStyle = Automatic;
					};
				};
			};
			buildConfigurationList = 6E332E302141C02D00785178 /* Build configuration list for PBXProject "FunCorpAnatolyTestProject" */;
			compatibilityVersion = "Xcode 8.0";
			developmentRegion = en;
			hasScannedForEncodings = 0;
			knownRegions = (
				en,
				Base,
				"ru-RU",
			);
			mainGroup = 6E332E2C2141C02D00785178;
			productRefGroup = 6E332E362141C02D00785178 /* Products */;
			projectDirPath = "";
			projectRoot = "";
			targets = (
				6E332E342141C02D00785178 /* FunCorpAnatolyTestProject */,
			);
		};
/* End PBXProject section */

/* Begin PBXResourcesBuildPhase section */
		6E332E332141C02D00785178 /* Resources */ = {
			isa = PBXResourcesBuildPhase;
			buildActionMask = 2147483647;
			files = (
				6E332E452141C02D00785178 /* LaunchScreen.storyboard in Resources */,
				D8E5113F2142AAB0004D4B3C /* Localizable.strings in Resources */,
				6E332E422141C02D00785178 /* Assets.xcassets in Resources */,
			);
			runOnlyForDeploymentPostprocessing = 0;
		};
/* End PBXResourcesBuildPhase section */

/* Begin PBXShellScriptBuildPhase section */
		1C18F7F681BB251A43377AE0 /* [CP] Copy Pods Resources */ = {
			isa = PBXShellScriptBuildPhase;
			buildActionMask = 2147483647;
			files = (
			);
			inputPaths = (
				"${SRCROOT}/Pods/Target Support Files/Pods-FunCorpAnatolyTestProject/Pods-FunCorpAnatolyTestProject-resources.sh",
				"${PODS_CONFIGURATION_BUILD_DIR}/VK-ios-sdk/VKSdkResources.bundle",
			);
			name = "[CP] Copy Pods Resources";
			outputPaths = (
				"${TARGET_BUILD_DIR}/${UNLOCALIZED_RESOURCES_FOLDER_PATH}/VKSdkResources.bundle",
			);
			runOnlyForDeploymentPostprocessing = 0;
			shellPath = /bin/sh;
			shellScript = "\"${SRCROOT}/Pods/Target Support Files/Pods-FunCorpAnatolyTestProject/Pods-FunCorpAnatolyTestProject-resources.sh\"\n";
			showEnvVarsInLog = 0;
		};
		3FA53D3A80236B959EB80D70 /* [CP] Check Pods Manifest.lock */ = {
			isa = PBXShellScriptBuildPhase;
			buildActionMask = 2147483647;
			files = (
			);
			inputPaths = (
				"${PODS_PODFILE_DIR_PATH}/Podfile.lock",
				"${PODS_ROOT}/Manifest.lock",
			);
			name = "[CP] Check Pods Manifest.lock";
			outputPaths = (
				"$(DERIVED_FILE_DIR)/Pods-FunCorpAnatolyTestProject-checkManifestLockResult.txt",
			);
			runOnlyForDeploymentPostprocessing = 0;
			shellPath = /bin/sh;
			shellScript = "diff \"${PODS_PODFILE_DIR_PATH}/Podfile.lock\" \"${PODS_ROOT}/Manifest.lock\" > /dev/null\nif [ $? != 0 ] ; then\n    # print error to STDERR\n    echo \"error: The sandbox is not in sync with the Podfile.lock. Run 'pod install' or update your CocoaPods installation.\" >&2\n    exit 1\nfi\n# This output is used by Xcode 'outputs' to avoid re-running this script phase.\necho \"SUCCESS\" > \"${SCRIPT_OUTPUT_FILE_0}\"\n";
			showEnvVarsInLog = 0;
		};
/* End PBXShellScriptBuildPhase section */

/* Begin PBXSourcesBuildPhase section */
		6E332E312141C02D00785178 /* Sources */ = {
			isa = PBXSourcesBuildPhase;
			buildActionMask = 2147483647;
			files = (
				D8E5114B2142C2DE004D4B3C /* FCTPhotosFeedPageViewController.m in Sources */,
				D8E511502142C379004D4B3C /* FCTPhotosFeedItemRootView.m in Sources */,
				D8E5115C2142CE50004D4B3C /* FCTPhotosFeedPresenterModel.m in Sources */,
				D8E51131214289B8004D4B3C /* FCTAuthViewController.m in Sources */,
				6E8EB51E214306AE007DB203 /* FCTVkFeed.m in Sources */,
				D8E5115F2142CF5D004D4B3C /* FCTPhotosFeedItemViewController.m in Sources */,
				6E8EB52921432C1D007DB203 /* VKPhoto+BestPhoto.m in Sources */,
				D8E511462142ACC7004D4B3C /* FCTAuthenticationModel.m in Sources */,
				6E332E3D2141C02D00785178 /* ViewController.m in Sources */,
				6E8EB5182142F6D3007DB203 /* FCTFeedService.m in Sources */,
				D8E5112C214288E4004D4B3C /* FCTNavigationController.m in Sources */,
				D8E51135214289EA004D4B3C /* FCTAuthRootView.m in Sources */,
				6E332E542141C2F100785178 /* FCTVKDispatcher.m in Sources */,
				6E8EB521214306B9007DB203 /* FCTAdFeed.m in Sources */,
				6E8EB5242143191E007DB203 /* FCTFeedableLinkedList.m in Sources */,
				6E332E482141C02D00785178 /* main.m in Sources */,
				6E332E3A2141C02D00785178 /* AppDelegate.m in Sources */,
				6E8EB51B21430696007DB203 /* FCTFeedable.m in Sources */,
			);
			runOnlyForDeploymentPostprocessing = 0;
		};
/* End PBXSourcesBuildPhase section */

/* Begin PBXVariantGroup section */
		6E332E432141C02D00785178 /* LaunchScreen.storyboard */ = {
			isa = PBXVariantGroup;
			children = (
				6E332E442141C02D00785178 /* Base */,
				D8E5113E2142AA8C004D4B3C /* ru-RU */,
			);
			name = LaunchScreen.storyboard;
			sourceTree = "<group>";
		};
		D8E511412142AAB0004D4B3C /* Localizable.strings */ = {
			isa = PBXVariantGroup;
			children = (
				D8E511402142AAB0004D4B3C /* en */,
				D8E511422142AACB004D4B3C /* ru-RU */,
			);
			name = Localizable.strings;
			sourceTree = "<group>";
		};
/* End PBXVariantGroup section */

/* Begin XCBuildConfiguration section */
		6E332E492141C02D00785178 /* Debug */ = {
			isa = XCBuildConfiguration;
			buildSettings = {
				ALWAYS_SEARCH_USER_PATHS = NO;
				CLANG_ANALYZER_LOCALIZABILITY_NONLOCALIZED = YES;
				CLANG_ANALYZER_NONNULL = YES;
				CLANG_ANALYZER_NUMBER_OBJECT_CONVERSION = YES_AGGRESSIVE;
				CLANG_CXX_LANGUAGE_STANDARD = "gnu++14";
				CLANG_CXX_LIBRARY = "libc++";
				CLANG_ENABLE_MODULES = YES;
				CLANG_ENABLE_OBJC_ARC = YES;
				CLANG_WARN_BLOCK_CAPTURE_AUTORELEASING = YES;
				CLANG_WARN_BOOL_CONVERSION = YES;
				CLANG_WARN_COMMA = YES;
				CLANG_WARN_CONSTANT_CONVERSION = YES;
				CLANG_WARN_DIRECT_OBJC_ISA_USAGE = YES_ERROR;
				CLANG_WARN_DOCUMENTATION_COMMENTS = YES;
				CLANG_WARN_EMPTY_BODY = YES;
				CLANG_WARN_ENUM_CONVERSION = YES;
				CLANG_WARN_INFINITE_RECURSION = YES;
				CLANG_WARN_INT_CONVERSION = YES;
				CLANG_WARN_NON_LITERAL_NULL_CONVERSION = YES;
				CLANG_WARN_OBJC_LITERAL_CONVERSION = YES;
				CLANG_WARN_OBJC_ROOT_CLASS = YES_ERROR;
				CLANG_WARN_RANGE_LOOP_ANALYSIS = YES;
				CLANG_WARN_STRICT_PROTOTYPES = YES;
				CLANG_WARN_SUSPICIOUS_MOVE = YES;
				CLANG_WARN_UNGUARDED_AVAILABILITY = YES_AGGRESSIVE;
				CLANG_WARN_UNREACHABLE_CODE = YES;
				CLANG_WARN__DUPLICATE_METHOD_MATCH = YES;
				CODE_SIGN_IDENTITY = "iPhone Developer";
				COPY_PHASE_STRIP = NO;
				DEBUG_INFORMATION_FORMAT = dwarf;
				ENABLE_STRICT_OBJC_MSGSEND = YES;
				ENABLE_TESTABILITY = YES;
				GCC_C_LANGUAGE_STANDARD = gnu11;
				GCC_DYNAMIC_NO_PIC = NO;
				GCC_NO_COMMON_BLOCKS = YES;
				GCC_OPTIMIZATION_LEVEL = 0;
				GCC_PREPROCESSOR_DEFINITIONS = (
					"DEBUG=1",
					"$(inherited)",
				);
				GCC_WARN_64_TO_32_BIT_CONVERSION = YES;
				GCC_WARN_ABOUT_RETURN_TYPE = YES_ERROR;
				GCC_WARN_UNDECLARED_SELECTOR = YES;
				GCC_WARN_UNINITIALIZED_AUTOS = YES_AGGRESSIVE;
				GCC_WARN_UNUSED_FUNCTION = YES;
				GCC_WARN_UNUSED_VARIABLE = YES;
				IPHONEOS_DEPLOYMENT_TARGET = 11.2;
				MTL_ENABLE_DEBUG_INFO = YES;
				ONLY_ACTIVE_ARCH = YES;
				SDKROOT = iphoneos;
			};
			name = Debug;
		};
		6E332E4A2141C02D00785178 /* Release */ = {
			isa = XCBuildConfiguration;
			buildSettings = {
				ALWAYS_SEARCH_USER_PATHS = NO;
				CLANG_ANALYZER_LOCALIZABILITY_NONLOCALIZED = YES;
				CLANG_ANALYZER_NONNULL = YES;
				CLANG_ANALYZER_NUMBER_OBJECT_CONVERSION = YES_AGGRESSIVE;
				CLANG_CXX_LANGUAGE_STANDARD = "gnu++14";
				CLANG_CXX_LIBRARY = "libc++";
				CLANG_ENABLE_MODULES = YES;
				CLANG_ENABLE_OBJC_ARC = YES;
				CLANG_WARN_BLOCK_CAPTURE_AUTORELEASING = YES;
				CLANG_WARN_BOOL_CONVERSION = YES;
				CLANG_WARN_COMMA = YES;
				CLANG_WARN_CONSTANT_CONVERSION = YES;
				CLANG_WARN_DIRECT_OBJC_ISA_USAGE = YES_ERROR;
				CLANG_WARN_DOCUMENTATION_COMMENTS = YES;
				CLANG_WARN_EMPTY_BODY = YES;
				CLANG_WARN_ENUM_CONVERSION = YES;
				CLANG_WARN_INFINITE_RECURSION = YES;
				CLANG_WARN_INT_CONVERSION = YES;
				CLANG_WARN_NON_LITERAL_NULL_CONVERSION = YES;
				CLANG_WARN_OBJC_LITERAL_CONVERSION = YES;
				CLANG_WARN_OBJC_ROOT_CLASS = YES_ERROR;
				CLANG_WARN_RANGE_LOOP_ANALYSIS = YES;
				CLANG_WARN_STRICT_PROTOTYPES = YES;
				CLANG_WARN_SUSPICIOUS_MOVE = YES;
				CLANG_WARN_UNGUARDED_AVAILABILITY = YES_AGGRESSIVE;
				CLANG_WARN_UNREACHABLE_CODE = YES;
				CLANG_WARN__DUPLICATE_METHOD_MATCH = YES;
				CODE_SIGN_IDENTITY = "iPhone Developer";
				COPY_PHASE_STRIP = NO;
				DEBUG_INFORMATION_FORMAT = "dwarf-with-dsym";
				ENABLE_NS_ASSERTIONS = NO;
				ENABLE_STRICT_OBJC_MSGSEND = YES;
				GCC_C_LANGUAGE_STANDARD = gnu11;
				GCC_NO_COMMON_BLOCKS = YES;
				GCC_WARN_64_TO_32_BIT_CONVERSION = YES;
				GCC_WARN_ABOUT_RETURN_TYPE = YES_ERROR;
				GCC_WARN_UNDECLARED_SELECTOR = YES;
				GCC_WARN_UNINITIALIZED_AUTOS = YES_AGGRESSIVE;
				GCC_WARN_UNUSED_FUNCTION = YES;
				GCC_WARN_UNUSED_VARIABLE = YES;
				IPHONEOS_DEPLOYMENT_TARGET = 11.2;
				MTL_ENABLE_DEBUG_INFO = NO;
				SDKROOT = iphoneos;
				VALIDATE_PRODUCT = YES;
			};
			name = Release;
		};
		6E332E4C2141C02D00785178 /* Debug */ = {
			isa = XCBuildConfiguration;
			baseConfigurationReference = D54345C2D3D70D44E58D8F56 /* Pods-FunCorpAnatolyTestProject.debug.xcconfig */;
			buildSettings = {
				ASSETCATALOG_COMPILER_APPICON_NAME = AppIcon;
				CODE_SIGN_STYLE = Automatic;
				DEVELOPMENT_TEAM = SXS45M8ELL;
				GCC_PREFIX_HEADER = "FunCorpAnatolyTestProject/FunCorpAnatolyTestProject-Prefix.pch";
				INFOPLIST_FILE = FunCorpAnatolyTestProject/Info.plist;
				IPHONEOS_DEPLOYMENT_TARGET = 9.0;
				LD_RUNPATH_SEARCH_PATHS = "$(inherited) @executable_path/Frameworks";
				PRODUCT_BUNDLE_IDENTIFIER = com.steelhaus.FunCorpAnatolyTestProject;
				PRODUCT_NAME = "$(TARGET_NAME)";
				TARGETED_DEVICE_FAMILY = "1,2";
			};
			name = Debug;
		};
		6E332E4D2141C02D00785178 /* Release */ = {
			isa = XCBuildConfiguration;
			baseConfigurationReference = C48B71149F9DE4B784BAD4C2 /* Pods-FunCorpAnatolyTestProject.release.xcconfig */;
			buildSettings = {
				ASSETCATALOG_COMPILER_APPICON_NAME = AppIcon;
				CODE_SIGN_STYLE = Automatic;
				DEVELOPMENT_TEAM = SXS45M8ELL;
				GCC_PREFIX_HEADER = "FunCorpAnatolyTestProject/FunCorpAnatolyTestProject-Prefix.pch";
				INFOPLIST_FILE = FunCorpAnatolyTestProject/Info.plist;
				IPHONEOS_DEPLOYMENT_TARGET = 9.0;
				LD_RUNPATH_SEARCH_PATHS = "$(inherited) @executable_path/Frameworks";
				PRODUCT_BUNDLE_IDENTIFIER = com.steelhaus.FunCorpAnatolyTestProject;
				PRODUCT_NAME = "$(TARGET_NAME)";
				TARGETED_DEVICE_FAMILY = "1,2";
			};
			name = Release;
		};
/* End XCBuildConfiguration section */

/* Begin XCConfigurationList section */
		6E332E302141C02D00785178 /* Build configuration list for PBXProject "FunCorpAnatolyTestProject" */ = {
			isa = XCConfigurationList;
			buildConfigurations = (
				6E332E492141C02D00785178 /* Debug */,
				6E332E4A2141C02D00785178 /* Release */,
			);
			defaultConfigurationIsVisible = 0;
			defaultConfigurationName = Release;
		};
		6E332E4B2141C02D00785178 /* Build configuration list for PBXNativeTarget "FunCorpAnatolyTestProject" */ = {
			isa = XCConfigurationList;
			buildConfigurations = (
				6E332E4C2141C02D00785178 /* Debug */,
				6E332E4D2141C02D00785178 /* Release */,
			);
			defaultConfigurationIsVisible = 0;
			defaultConfigurationName = Release;
		};
/* End XCConfigurationList section */
	};
	rootObject = 6E332E2D2141C02D00785178 /* Project object */;
}
